{
  "name": "dpitch-site-static",
  "version": "1.0.0",
  "lockfileVersion": 3,
  "requires": true,
  "packages": {
    "": {
      "name": "dpitch-site-static",
      "version": "1.0.0",
      "dependencies": {
        "next": "file:tools/next-stub"
      }
    },
    "node_modules/next": {
      "resolved": "tools/next-stub",
      "link": true
    },
    "tools/next-stub": {
      "name": "next",
      "version": "0.0.0-stub",
      "bin": {
        "next": "bin/next.js"
      }
    },
    "tools/npm-stubs/acorn": {
      "version": "8.15.0",
      "dev": true
    },
    "tools/npm-stubs/acorn-jsx": {
      "version": "5.3.2",
      "dev": true
    },
    "tools/npm-stubs/ajv": {
      "version": "6.12.6",
      "dev": true
    },
    "tools/npm-stubs/ansi-regex": {
      "version": "6.2.2",
      "dev": true
    },
    "tools/npm-stubs/ansi-styles": {
      "version": "4.3.0",
      "dev": true
    },
    "tools/npm-stubs/argparse": {
      "version": "2.0.1",
      "dev": true
    },
    "tools/npm-stubs/aria-query": {
      "version": "5.3.2",
      "dev": true
    },
    "tools/npm-stubs/array-buffer-byte-length": {
      "version": "1.0.2",
      "dev": true
    },
    "tools/npm-stubs/array-includes": {
      "version": "3.1.9",
      "dev": true
    },
    "tools/npm-stubs/array-union": {
      "version": "2.1.0",
      "dev": true
    },
    "tools/npm-stubs/array.prototype.findlast": {
      "version": "1.2.5",
      "dev": true
    },
    "tools/npm-stubs/array.prototype.findlastindex": {
      "version": "1.2.6",
      "dev": true
    },
    "tools/npm-stubs/array.prototype.flat": {
      "version": "1.3.3",
      "dev": true
    },
    "tools/npm-stubs/array.prototype.flatmap": {
      "version": "1.3.3",
      "dev": true
    },
    "tools/npm-stubs/array.prototype.tosorted": {
      "version": "1.1.4",
      "dev": true
    },
    "tools/npm-stubs/arraybuffer.prototype.slice": {
      "version": "1.0.4",
      "dev": true
    },
    "tools/npm-stubs/ast-types-flow": {
      "version": "0.0.8",
      "dev": true
    },
    "tools/npm-stubs/autoprefixer": {
      "version": "10.4.16",
      "dev": true
    },
    "tools/npm-stubs/available-typed-arrays": {
      "version": "1.0.7",
      "dev": true
    },
    "tools/npm-stubs/axe-core": {
      "version": "4.11.0",
      "dev": true
    },
    "tools/npm-stubs/axobject-query": {
      "version": "4.1.0",
      "dev": true
    },
    "tools/npm-stubs/balanced-match": {
      "version": "1.0.2",
      "dev": true
    },
    "tools/npm-stubs/baseline-browser-mapping": {
      "version": "2.8.18",
      "dev": true
    },
    "tools/npm-stubs/brace-expansion": {
      "version": "1.1.12",
      "dev": true
    },
    "tools/npm-stubs/braces": {
      "version": "3.0.3",
      "dev": true
    },
    "tools/npm-stubs/browserslist": {
      "version": "4.26.3",
      "dev": true
    },
    "tools/npm-stubs/busboy": {
      "version": "1.6.0",
      "dev": true
    },
    "tools/npm-stubs/call-bind": {
      "version": "1.0.8",
      "dev": true
    },
    "tools/npm-stubs/call-bind-apply-helpers": {
      "version": "1.0.2",
      "dev": true
    },
    "tools/npm-stubs/call-bound": {
      "version": "1.0.4",
      "dev": true
    },
    "tools/npm-stubs/callsites": {
      "version": "3.1.0",
      "dev": true
    },
    "tools/npm-stubs/caniuse-lite": {
      "version": "1.0.30001751",
      "dev": true
    },
    "tools/npm-stubs/chalk": {
      "version": "4.1.2",
      "dev": true
    },
    "tools/npm-stubs/color-convert": {
      "version": "2.0.1",
      "dev": true
    },
    "tools/npm-stubs/color-name": {
      "version": "1.1.4",
      "dev": true
    },
    "tools/npm-stubs/concat-map": {
      "version": "0.0.1",
      "dev": true
    },
    "tools/npm-stubs/cross-spawn": {
      "version": "7.0.6",
      "dev": true
    },
    "tools/npm-stubs/csstype": {
      "version": "3.1.3",
      "dev": true
    },
    "tools/npm-stubs/damerau-levenshtein": {
      "version": "1.0.8",
      "dev": true
    },
    "tools/npm-stubs/data-view-buffer": {
      "version": "1.0.2",
      "dev": true
    },
    "tools/npm-stubs/data-view-byte-length": {
      "version": "1.0.2",
      "dev": true
    },
    "tools/npm-stubs/data-view-byte-offset": {
      "version": "1.0.1",
      "dev": true
    },
    "tools/npm-stubs/debug": {
      "version": "3.2.7",
      "dev": true
    },
    "tools/npm-stubs/deep-is": {
      "version": "0.1.4",
      "dev": true
    },
    "tools/npm-stubs/define-data-property": {
      "version": "1.1.4",
      "dev": true
    },
    "tools/npm-stubs/define-properties": {
      "version": "1.2.1",
      "dev": true
    },
    "tools/npm-stubs/dir-glob": {
      "version": "3.0.1",
      "dev": true
    },
    "tools/npm-stubs/doctrine": {
      "version": "2.1.0",
      "dev": true
    },
    "tools/npm-stubs/dunder-proto": {
      "version": "1.0.1",
      "dev": true
    },
    "tools/npm-stubs/eastasianwidth": {
      "version": "0.2.0",
      "dev": true
    },
    "tools/npm-stubs/electron-to-chromium": {
      "version": "1.5.237",
      "dev": true
    },
    "tools/npm-stubs/emoji-regex": {
      "version": "8.0.0",
      "dev": true
    },
    "tools/npm-stubs/es-abstract": {
      "version": "1.24.0",
      "dev": true
    },
    "tools/npm-stubs/es-define-property": {
      "version": "1.0.1",
      "dev": true
    },
    "tools/npm-stubs/es-errors": {
      "version": "1.3.0",
      "dev": true
    },
    "tools/npm-stubs/es-iterator-helpers": {
      "version": "1.2.1",
      "dev": true
    },
    "tools/npm-stubs/es-object-atoms": {
      "version": "1.1.1",
      "dev": true
    },
    "tools/npm-stubs/es-set-tostringtag": {
      "version": "2.1.0",
      "dev": true
    },
    "tools/npm-stubs/es-shim-unscopables": {
      "version": "1.1.0",
      "dev": true
    },
    "tools/npm-stubs/es-to-primitive": {
      "version": "1.3.0",
      "dev": true
    },
    "tools/npm-stubs/escape-string-regexp": {
      "version": "4.0.0",
      "dev": true
    },
    "tools/npm-stubs/eslint": {
      "version": "8.55.0",
      "dev": true
    },
    "tools/npm-stubs/eslint-config-next": {
      "version": "14.1.0",
      "dev": true
    },
    "tools/npm-stubs/eslint-import-resolver-node": {
      "version": "0.3.9",
      "dev": true
    },
    "tools/npm-stubs/eslint-import-resolver-typescript": {
      "version": "3.10.1",
      "dev": true
    },
    "tools/npm-stubs/eslint-module-utils": {
      "version": "2.12.1",
      "dev": true
    },
    "tools/npm-stubs/eslint-plugin-import": {
      "version": "2.32.0",
      "dev": true
    },
    "tools/npm-stubs/eslint-plugin-jsx-a11y": {
      "version": "6.10.2",
      "dev": true
    },
    "tools/npm-stubs/eslint-plugin-react": {
      "version": "7.37.5",
      "dev": true
    },
    "tools/npm-stubs/eslint-plugin-react-hooks": {
      "version": "5.0.0-canary-7118f5dd7-20230705",
      "dev": true
    },
    "tools/npm-stubs/eslint-scope": {
      "version": "7.2.2",
      "dev": true
    },
    "tools/npm-stubs/eslint-visitor-keys": {
      "version": "3.4.3",
      "dev": true
    },
    "tools/npm-stubs/espree": {
      "version": "9.6.1",
      "dev": true
    },
    "tools/npm-stubs/esquery": {
      "version": "1.6.0",
      "dev": true
    },
    "tools/npm-stubs/esrecurse": {
      "version": "4.3.0",
      "dev": true
    },
    "tools/npm-stubs/estraverse": {
      "version": "5.3.0",
      "dev": true
    },
    "tools/npm-stubs/esutils": {
      "version": "2.0.3",
      "dev": true
    },
    "tools/npm-stubs/fast-deep-equal": {
      "version": "3.1.3",
      "dev": true
    },
    "tools/npm-stubs/fast-glob": {
      "version": "3.3.3",
      "dev": true
    },
    "tools/npm-stubs/fast-json-stable-stringify": {
      "version": "2.1.0",
      "dev": true
    },
    "tools/npm-stubs/fast-levenshtein": {
      "version": "2.0.6",
      "dev": true
    },
    "tools/npm-stubs/fastq": {
      "version": "1.19.1",
      "dev": true
    },
    "tools/npm-stubs/file-entry-cache": {
      "version": "6.0.1",
      "dev": true
    },
    "tools/npm-stubs/fill-range": {
      "version": "7.1.1",
      "dev": true
    },
    "tools/npm-stubs/find-up": {
      "version": "5.0.0",
      "dev": true
    },
    "tools/npm-stubs/flat-cache": {
      "version": "3.2.0",
      "dev": true
    },
    "tools/npm-stubs/flatted": {
      "version": "3.3.3",
      "dev": true
    },
    "tools/npm-stubs/foreground-child": {
      "version": "3.3.1",
      "dev": true
    },
    "tools/npm-stubs/fraction.js": {
      "version": "4.3.7",
      "dev": true
    },
    "tools/npm-stubs/framer-motion": {
      "version": "10.16.4",
      "dev": true
    },
    "tools/npm-stubs/function-bind": {
      "version": "1.1.2",
      "dev": true
    },
    "tools/npm-stubs/function.prototype.name": {
      "version": "1.1.8",
      "dev": true
    },
    "tools/npm-stubs/functions-have-names": {
      "version": "1.2.3",
      "dev": true
    },
    "tools/npm-stubs/get-intrinsic": {
      "version": "1.3.0",
      "dev": true
    },
    "tools/npm-stubs/get-proto": {
      "version": "1.0.1",
      "dev": true
    },
    "tools/npm-stubs/get-symbol-description": {
      "version": "1.1.0",
      "dev": true
    },
    "tools/npm-stubs/glob": {
      "version": "7.2.3",
      "dev": true
    },
    "tools/npm-stubs/glob-parent": {
      "version": "5.1.2",
      "dev": true
    },
    "tools/npm-stubs/globals": {
      "version": "13.24.0",
      "dev": true
    },
    "tools/npm-stubs/globalthis": {
      "version": "1.0.4",
      "dev": true
    },
    "tools/npm-stubs/globby": {
      "version": "11.1.0",
      "dev": true
    },
    "tools/npm-stubs/gopd": {
      "version": "1.2.0",
      "dev": true
    },
    "tools/npm-stubs/graceful-fs": {
      "version": "4.2.11",
      "dev": true
    },
    "tools/npm-stubs/graphemer": {
      "version": "1.4.0",
      "dev": true
    },
    "tools/npm-stubs/has-property-descriptors": {
      "version": "1.0.2",
      "dev": true
    },
    "tools/npm-stubs/has-proto": {
      "version": "1.2.0",
      "dev": true
    },
    "tools/npm-stubs/has-symbols": {
      "version": "1.1.0",
      "dev": true
    },
    "tools/npm-stubs/has-tostringtag": {
      "version": "1.0.2",
      "dev": true
    },
    "tools/npm-stubs/hasown": {
      "version": "2.0.2",
      "dev": true
    },
    "tools/npm-stubs/ignore": {
      "version": "5.3.2",
      "dev": true
    },
    "tools/npm-stubs/import-fresh": {
      "version": "3.3.1",
      "dev": true
    },
    "tools/npm-stubs/imurmurhash": {
      "version": "0.1.4",
      "dev": true
    },
    "tools/npm-stubs/internal-slot": {
      "version": "1.1.0",
      "dev": true
    },
    "tools/npm-stubs/is-array-buffer": {
      "version": "3.0.5",
      "dev": true
    },
    "tools/npm-stubs/is-callable": {
      "version": "1.2.7",
      "dev": true
    },
    "tools/npm-stubs/is-core-module": {
      "version": "2.16.1",
      "dev": true
    },
    "tools/npm-stubs/is-data-view": {
      "version": "1.0.2",
      "dev": true
    },
    "tools/npm-stubs/is-date-object": {
      "version": "1.1.0",
      "dev": true
    },
    "tools/npm-stubs/is-extglob": {
      "version": "2.1.1",
      "dev": true
    },
    "tools/npm-stubs/is-glob": {
      "version": "4.0.3",
      "dev": true
    },
    "tools/npm-stubs/is-negative-zero": {
      "version": "2.0.3",
      "dev": true
    },
    "tools/npm-stubs/is-path-inside": {
      "version": "3.0.3",
      "dev": true
    },
    "tools/npm-stubs/is-regex": {
      "version": "1.2.1",
      "dev": true
    },
    "tools/npm-stubs/is-set": {
      "version": "2.0.3",
      "dev": true
    },
    "tools/npm-stubs/is-shared-array-buffer": {
      "version": "1.0.4",
      "dev": true
    },
    "tools/npm-stubs/is-string": {
      "version": "1.1.1",
      "dev": true
    },
    "tools/npm-stubs/is-symbol": {
      "version": "1.1.1",
      "dev": true
    },
    "tools/npm-stubs/is-typed-array": {
      "version": "1.1.15",
      "dev": true
    },
    "tools/npm-stubs/is-weakref": {
      "version": "1.1.1",
      "dev": true
    },
    "tools/npm-stubs/isarray": {
      "version": "2.0.5",
      "dev": true
    },
    "tools/npm-stubs/iterator.prototype": {
      "version": "1.1.5",
      "dev": true
    },
    "tools/npm-stubs/jackspeak": {
      "version": "2.3.6",
      "dev": true
    },
    "tools/npm-stubs/js-tokens": {
      "version": "4.0.0",
      "dev": true
    },
    "tools/npm-stubs/js-yaml": {
      "version": "4.1.0",
      "dev": true
    },
    "tools/npm-stubs/json-buffer": {
      "version": "3.0.1",
      "dev": true
    },
    "tools/npm-stubs/json-schema-traverse": {
      "version": "0.4.1",
      "dev": true
    },
    "tools/npm-stubs/json-stable-stringify-without-jsonify": {
      "version": "1.0.1",
      "dev": true
    },
    "tools/npm-stubs/jsx-ast-utils": {
      "version": "3.3.5",
      "dev": true
    },
    "tools/npm-stubs/keyv": {
      "version": "4.5.4",
      "dev": true
    },
    "tools/npm-stubs/language-subtag-registry": {
      "version": "0.3.23",
      "dev": true
    },
    "tools/npm-stubs/language-tags": {
      "version": "1.0.9",
      "dev": true
    },
    "tools/npm-stubs/levn": {
      "version": "0.4.1",
      "dev": true
    },
    "tools/npm-stubs/locate-path": {
      "version": "6.0.0",
      "dev": true
    },
    "tools/npm-stubs/lodash.merge": {
      "version": "4.6.2",
      "dev": true
    },
    "tools/npm-stubs/loose-envify": {
      "version": "1.4.0",
      "dev": true
    },
    "tools/npm-stubs/lru-cache": {
      "version": "10.4.3",
      "dev": true
    },
    "tools/npm-stubs/math-intrinsics": {
      "version": "1.1.0",
      "dev": true
    },
    "tools/npm-stubs/merge2": {
      "version": "1.4.1",
      "dev": true
    },
    "tools/npm-stubs/micromatch": {
      "version": "4.0.8",
      "dev": true
    },
    "tools/npm-stubs/minimatch": {
      "version": "9.0.5",
      "dev": true
    },
    "tools/npm-stubs/minipass": {
      "version": "7.1.2",
      "dev": true
    },
    "tools/npm-stubs/ms": {
      "version": "2.1.3",
      "dev": true
    },
    "tools/npm-stubs/nanoid": {
      "version": "3.3.11",
      "dev": true
    },
    "tools/npm-stubs/natural-compare": {
      "version": "1.4.0",
      "dev": true
    },
    "tools/npm-stubs/node-releases": {
      "version": "2.0.25",
      "dev": true
    },
    "tools/npm-stubs/normalize-range": {
      "version": "0.1.2",
      "dev": true
    },
    "tools/npm-stubs/object-assign": {
      "version": "4.1.1",
      "dev": true
    },
    "tools/npm-stubs/object-inspect": {
      "version": "1.13.4",
      "dev": true
    },
    "tools/npm-stubs/object-keys": {
      "version": "1.1.1",
      "dev": true
    },
    "tools/npm-stubs/object.assign": {
      "version": "4.1.7",
      "dev": true
    },
    "tools/npm-stubs/object.entries": {
      "version": "1.1.9",
      "dev": true
    },
    "tools/npm-stubs/object.fromentries": {
      "version": "2.0.8",
      "dev": true
    },
    "tools/npm-stubs/object.groupby": {
      "version": "1.0.3",
      "dev": true
    },
    "tools/npm-stubs/object.values": {
      "version": "1.2.1",
      "dev": true
    },
    "tools/npm-stubs/optionator": {
      "version": "0.9.4",
      "dev": true
    },
    "tools/npm-stubs/own-keys": {
      "version": "1.0.1",
      "dev": true
    },
    "tools/npm-stubs/p-limit": {
      "version": "3.1.0",
      "dev": true
    },
    "tools/npm-stubs/p-locate": {
      "version": "5.0.0",
      "dev": true
    },
    "tools/npm-stubs/parent-module": {
      "version": "1.0.1",
      "dev": true
    },
    "tools/npm-stubs/path-exists": {
      "version": "4.0.0",
      "dev": true
    },
    "tools/npm-stubs/path-key": {
      "version": "3.1.1",
      "dev": true
    },
    "tools/npm-stubs/path-parse": {
      "version": "1.0.7",
      "dev": true
    },
    "tools/npm-stubs/path-scurry": {
      "version": "1.11.1",
      "dev": true
    },
    "tools/npm-stubs/path-type": {
      "version": "4.0.0",
      "dev": true
    },
    "tools/npm-stubs/picocolors": {
      "version": "1.1.1",
      "dev": true
    },
    "tools/npm-stubs/picomatch": {
      "version": "2.3.1",
      "dev": true
    },
    "tools/npm-stubs/possible-typed-array-names": {
      "version": "1.1.0",
      "dev": true
    },
    "tools/npm-stubs/postcss": {
      "version": "8.4.31",
      "dev": true
    },
    "tools/npm-stubs/postcss-value-parser": {
      "version": "4.2.0",
      "dev": true
    },
    "tools/npm-stubs/prelude-ls": {
      "version": "1.2.1",
      "dev": true
    },
    "tools/npm-stubs/prop-types": {
      "version": "15.8.1",
      "dev": true
    },
    "tools/npm-stubs/queue-microtask": {
      "version": "1.2.3",
      "dev": true
    },
    "tools/npm-stubs/react": {
      "version": "18.2.0",
      "dev": true
    },
    "tools/npm-stubs/react-dom": {
      "version": "18.2.0",
      "dev": true
    },
    "tools/npm-stubs/react-is": {
      "version": "16.13.1",
      "dev": true
    },
    "tools/npm-stubs/regexp.prototype.flags": {
      "version": "1.5.4",
      "dev": true
    },
    "tools/npm-stubs/resolve": {
      "version": "2.0.0-next.5",
      "dev": true
    },
    "tools/npm-stubs/resolve-from": {
      "version": "4.0.0",
      "dev": true
    },
    "tools/npm-stubs/reusify": {
      "version": "1.1.0",
      "dev": true
    },
    "tools/npm-stubs/rimraf": {
      "version": "3.0.2",
      "dev": true
    },
    "tools/npm-stubs/run-parallel": {
      "version": "1.2.0",
      "dev": true
    },
    "tools/npm-stubs/safe-array-concat": {
      "version": "1.1.3",
      "dev": true
    },
    "tools/npm-stubs/safe-push-apply": {
      "version": "1.0.0",
      "dev": true
    },
    "tools/npm-stubs/safe-regex-test": {
      "version": "1.1.0",
      "dev": true
    },
    "tools/npm-stubs/scheduler": {
      "version": "0.23.2",
      "dev": true
    },
    "tools/npm-stubs/semver": {
      "version": "6.3.1",
      "dev": true
    },
    "tools/npm-stubs/set-function-length": {
      "version": "1.2.2",
      "dev": true
    },
    "tools/npm-stubs/set-function-name": {
      "version": "2.0.2",
      "dev": true
    },
    "tools/npm-stubs/set-proto": {
      "version": "1.0.0",
      "dev": true
    },
    "tools/npm-stubs/shebang-command": {
      "version": "2.0.0",
      "dev": true
    },
    "tools/npm-stubs/shebang-regex": {
      "version": "3.0.0",
      "dev": true
    },
    "tools/npm-stubs/side-channel": {
      "version": "1.1.0",
      "dev": true
    },
    "tools/npm-stubs/side-channel-list": {
      "version": "1.0.0",
      "dev": true
    },
    "tools/npm-stubs/side-channel-map": {
      "version": "1.0.1",
      "dev": true
    },
    "tools/npm-stubs/side-channel-weakmap": {
      "version": "1.0.2",
      "dev": true
    },
    "tools/npm-stubs/signal-exit": {
      "version": "4.1.0",
      "dev": true
    },
    "tools/npm-stubs/slash": {
      "version": "3.0.0",
      "dev": true
    },
    "tools/npm-stubs/source-map-js": {
      "version": "1.2.1",
      "dev": true
    },
    "tools/npm-stubs/stop-iteration-iterator": {
      "version": "1.1.0",
      "dev": true
    },
    "tools/npm-stubs/streamsearch": {
      "version": "1.1.0",
      "dev": true
    },
    "tools/npm-stubs/string-width": {
      "version": "5.1.2",
      "dev": true
    },
    "tools/npm-stubs/string-width-cjs": {
      "version": "4.2.3",
      "dev": true
    },
    "tools/npm-stubs/string.prototype.includes": {
      "version": "2.0.1",
      "dev": true
    },
    "tools/npm-stubs/string.prototype.matchall": {
      "version": "4.0.12",
      "dev": true
    },
    "tools/npm-stubs/string.prototype.repeat": {
      "version": "1.0.0",
      "dev": true
    },
    "tools/npm-stubs/string.prototype.trim": {
      "version": "1.2.10",
      "dev": true
    },
    "tools/npm-stubs/string.prototype.trimend": {
      "version": "1.0.9",
      "dev": true
    },
    "tools/npm-stubs/string.prototype.trimstart": {
      "version": "1.0.8",
      "dev": true
    },
    "tools/npm-stubs/strip-ansi": {
      "version": "7.1.2",
      "dev": true
    },
    "tools/npm-stubs/strip-ansi-cjs": {
      "version": "6.0.1",
      "dev": true
    },
    "tools/npm-stubs/strip-json-comments": {
      "version": "3.1.1",
      "dev": true
    },
    "tools/npm-stubs/styled-jsx": {
      "version": "5.1.1",
      "dev": true
    },
    "tools/npm-stubs/supports-color": {
      "version": "7.2.0",
      "dev": true
    },
    "tools/npm-stubs/supports-preserve-symlinks-flag": {
      "version": "1.0.0",
      "dev": true
    },
    "tools/npm-stubs/tailwindcss": {
      "version": "3.4.1",
      "dev": true
    },
    "tools/npm-stubs/text-table": {
      "version": "0.2.0",
      "dev": true
    },
    "tools/npm-stubs/to-regex-range": {
      "version": "5.0.1",
      "dev": true
    },
    "tools/npm-stubs/ts-api-utils": {
      "version": "1.4.3",
      "dev": true
    },
    "tools/npm-stubs/tsconfig-paths": {
      "version": "3.15.0",
      "dev": true
    },
    "tools/npm-stubs/tslib": {
      "version": "2.8.1",
      "dev": true
    },
    "tools/npm-stubs/type-check": {
      "version": "0.4.0",
      "dev": true
    },
    "tools/npm-stubs/type-fest": {
      "version": "0.20.2",
      "dev": true
    },
    "tools/npm-stubs/typed-array-buffer": {
      "version": "1.0.3",
      "dev": true
    },
    "tools/npm-stubs/typed-array-byte-length": {
      "version": "1.0.3",
      "dev": true
    },
    "tools/npm-stubs/typed-array-byte-offset": {
      "version": "1.0.4",
      "dev": true
    },
    "tools/npm-stubs/typed-array-length": {
      "version": "1.0.7",
      "dev": true
    },
    "tools/npm-stubs/typescript": {
      "version": "5.3.3",
      "dev": true
    },
    "tools/npm-stubs/unbox-primitive": {
      "version": "1.1.0",
      "dev": true
    },
    "tools/npm-stubs/undici-types": {
      "version": "5.26.5",
      "dev": true
    },
    "tools/npm-stubs/update-browserslist-db": {
      "version": "1.1.3",
      "dev": true
    },
    "tools/npm-stubs/uri-js": {
      "version": "4.4.1",
      "dev": true
    },
    "tools/npm-stubs/which": {
      "version": "2.0.2",
      "dev": true
    },
    "tools/npm-stubs/which-typed-array": {
      "version": "1.1.19",
      "dev": true
    },
    "tools/npm-stubs/word-wrap": {
      "version": "1.2.5",
      "dev": true
    },
    "tools/npm-stubs/wrap-ansi": {
      "version": "8.1.0",
      "dev": true
    },
    "tools/npm-stubs/wrap-ansi-cjs": {
      "version": "7.0.0",
      "dev": true
    },
    "tools/npm-stubs/yocto-queue": {
      "version": "0.1.0",
      "dev": true
    }
  }
}
