{
  "name": "dpitch-site-static",
  "version": "1.0.0",
  "lockfileVersion": 3,
  "requires": true,
  "packages": {
    "": {
      "name": "dpitch-site-static",
      "version": "1.0.0",
      "dependencies": {
        "next": "file:tools/next-stub"
      }
    },
    "node_modules/next": {
      "resolved": "tools/next-stub",
      "link": true
    },
    "tools/next-stub": {
      "name": "next",
      "version": "0.0.0-stub",
      "bin": {
        "next": "bin/next.js"
      }
    }
  }
}
